{
  "name": "notera",
  "version": "0.0.1",
  "lockfileVersion": 2,
  "requires": true,
  "packages": {
    "": {
      "name": "notera",
      "version": "0.0.1",
      "hasInstallScript": true,
      "license": "MIT",
      "dependencies": {
        "notera-sqlcipher": "^1.0.0"
      }
    },
    "node_modules/notera-sqlcipher": {
      "version": "1.0.0",
      "resolved": "https://registry.npmmirror.com/notera-sqlcipher/-/notera-sqlcipher-1.0.0.tgz",
      "integrity": "sha512-CD5bmlO0iSD2taA0AcdVPVvMoWYu+SPJofTX4fscDWlz4Rw6Wdw4tpCQcV9A//jLYYi4wM+t1bxarG2SjqO8pQ==",
      "license": "MIT",
      "engines": {
        "node": ">=22"
      }
    }
  },
  "dependencies": {
    "notera-sqlcipher": {
      "version": "1.0.0",
      "resolved": "https://registry.npmmirror.com/notera-sqlcipher/-/notera-sqlcipher-1.0.0.tgz",
      "integrity": "sha512-CD5bmlO0iSD2taA0AcdVPVvMoWYu+SPJofTX4fscDWlz4Rw6Wdw4tpCQcV9A//jLYYi4wM+t1bxarG2SjqO8pQ=="
    }
  }
}
